<?xml version="1.0" encoding="utf-8"?>
<Project ToolsVersion="4.0" xmlns="http://schemas.microsoft.com/developer/msbuild/2003">
  <ItemGroup>
    <ClCompile Include="..\Code\BattleSystem.cpp" />
    <ClCompile Include="..\Code\BrigandCutthroat.cpp" />
    <ClCompile Include="..\Code\Creature.cpp" />
    <ClCompile Include="..\Code\Door.cpp" />
    <ClCompile Include="..\Code\DungeonRoom.cpp" />
    <ClCompile Include="..\Code\DungeonSystem.cpp" />
    <ClCompile Include="..\Code\DynamicCamera.cpp" />
    <ClCompile Include="..\Code\Hero.cpp" />
    <ClCompile Include="..\Code\InteractionObj.cpp" />
    <ClCompile Include="..\Code\Inventory.cpp" />
    <ClCompile Include="..\Code\Item.cpp" />
    <ClCompile Include="..\Code\MainApp.cpp" />
    <ClCompile Include="..\Code\MainLogo.cpp" />
    <ClCompile Include="..\Code\Monster.cpp" />
    <ClCompile Include="..\Code\Player.cpp" />
    <ClCompile Include="..\Code\Skill.cpp" />
    <ClCompile Include="..\Code\PlayerHand.cpp" />
    <ClCompile Include="..\Code\SkyBox.cpp" />
    <ClCompile Include="..\Code\StaticCamera.cpp" />
    <ClCompile Include="..\Code\Terrain.cpp" />
    <ClCompile Include="..\Code\Vestal.cpp" />
    <ClCompile Include="..\Code\Wall.cpp" />
    <ClCompile Include="..\Code\Village.cpp" />
    <ClCompile Include="Client.cpp" />
    <ClCompile Include="pch.cpp" />
    <ClCompile Include="..\Code\CameraMgr.cpp" />
  </ItemGroup>
  <ItemGroup>
    <ClInclude Include="..\Header\BattleSystem.h" />
    <ClInclude Include="..\Header\BrigandCutthroat.h" />
    <ClInclude Include="..\Header\Creature.h" />
    <ClInclude Include="..\Header\Define.h" />
    <ClInclude Include="..\Header\Door.h" />
    <ClInclude Include="..\Header\DungeonRoom.h" />
    <ClInclude Include="..\Header\DungeonSystem.h" />
    <ClInclude Include="..\Header\DynamicCamera.h" />
    <ClInclude Include="..\Header\Hero.h" />
    <ClInclude Include="..\Header\InteractionObj.h" />
    <ClInclude Include="..\Header\Inventory.h" />
    <ClInclude Include="..\Header\Item.h" />
    <ClInclude Include="..\Header\MainApp.h" />
    <ClInclude Include="..\Header\MainLogo.h" />
    <ClInclude Include="..\Header\Monster.h" />
    <ClInclude Include="..\Header\pch.h" />
    <ClInclude Include="..\Header\Player.h" />
    <ClInclude Include="..\Header\Skill.h" />
    <ClInclude Include="..\Header\PlayerHand.h" />
    <ClInclude Include="..\Header\SkyBox.h" />
    <ClInclude Include="..\Header\StaticCamera.h" />
    <ClInclude Include="..\Header\Terrain.h" />
    <ClInclude Include="..\Header\Vestal.h" />
    <ClInclude Include="..\Header\Wall.h" />
    <ClInclude Include="..\Header\Village.h" />
    <ClInclude Include="Client.h" />
    <ClInclude Include="Enums.h" />
    <ClInclude Include="framework.h" />
    <ClInclude Include="Resource.h" />
    <ClInclude Include="targetver.h" />
    <ClInclude Include="..\Header\CameraMgr.h" />
  </ItemGroup>
  <ItemGroup>
    <ResourceCompile Include="Client.rc" />
  </ItemGroup>
  <ItemGroup>
    <Image Include="Client.ico" />
    <Image Include="small.ico" />
  </ItemGroup>
  <ItemGroup>
    <Filter Include="CameraMgr">
      <UniqueIdentifier>{a513df5c-1428-4586-8b06-102025177639}</UniqueIdentifier>
    </Filter>
  </ItemGroup>
</Project>