<?xml version="1.0" encoding="utf-8"?>
<Project ToolsVersion="4.0" xmlns="http://schemas.microsoft.com/developer/msbuild/2003">
  <ItemGroup>
    <ClCompile Include="..\Code\BattleSystem.cpp" />
    <ClCompile Include="..\Code\BrigandCutthroat.cpp" />
    <ClCompile Include="..\Code\Creature.cpp" />
    <ClCompile Include="..\Code\Door.cpp" />
    <ClCompile Include="..\Code\DungeonRoom.cpp" />
    <ClCompile Include="..\Code\DungeonSystem.cpp" />
    <ClCompile Include="..\Code\DynamicCamera.cpp" />
    <ClCompile Include="..\Code\Hero.cpp" />
    <ClCompile Include="..\Code\InteractionObj.cpp" />
    <ClCompile Include="..\Code\Inventory.cpp" />
    <ClCompile Include="..\Code\Item.cpp" />
    <ClCompile Include="..\Code\MainApp.cpp" />
    <ClCompile Include="..\Code\Weald_Dungeon.cpp" />
    <ClCompile Include="..\Code\Monster.cpp" />
    <ClCompile Include="..\Code\Player.cpp" />
    <ClCompile Include="..\Code\Skill.cpp" />
    <ClCompile Include="..\Code\PlayerHand.cpp" />
    <ClCompile Include="..\Code\SkyBox.cpp" />
    <ClCompile Include="..\Code\StaticCamera.cpp" />
    <ClCompile Include="..\Code\Terrain.cpp" />
    <ClCompile Include="..\Code\Vestal.cpp" />
    <ClCompile Include="..\Code\Wall.cpp" />
    <ClCompile Include="..\Code\Village.cpp" />
    <ClCompile Include="Client.cpp" />
    <ClCompile Include="pch.cpp" />
    <ClCompile Include="..\Code\CameraMgr.cpp" />
    <ClCompile Include="..\Code\BrigandFusilier.cpp" />
    <ClCompile Include="..\Code\Jester.cpp" />
    <ClCompile Include="..\Code\Highwayman.cpp" />
    <ClCompile Include="..\Code\ShieldBreaker.cpp" />
    <ClCompile Include="..\Code\Inside.cpp" />
    <ClCompile Include="..\Code\CardGame.cpp" />
    <ClCompile Include="..\Code\Outside.cpp" />
    <ClCompile Include="..\Code\BrigandBloodletter.cpp" />
    <ClCompile Include="..\Code\BoneCourtier.cpp" />
    <ClCompile Include="..\Code\BoneDefender.cpp" />
    <ClCompile Include="..\Code\BoneSoldier.cpp" />
    <ClCompile Include="..\Code\Tervarn.cpp" />
    <ClCompile Include="..\Code\Gambling.cpp" />
    <ClCompile Include="..\Code\EnvironmentObj.cpp" />
    <ClCompile Include="..\Code\TavernNPC.cpp" />
    <ClCompile Include="..\Code\StageCoachHero.cpp" />
    <ClCompile Include="..\Code\Guild.cpp" />
    <ClCompile Include="..\Code\GuildNPC.cpp" />
    <ClCompile Include="..\Code\WealdDungeonDoor.cpp" />
    <ClCompile Include="..\Code\Weald_Trap.cpp" />
    <ClCompile Include="..\Code\Weald_Obstacle.cpp" />
    <ClCompile Include="..\Code\Weald_Curio_Spider.cpp" />
    <ClCompile Include="..\Code\Weald_Curio_Chest.cpp" />
    <ClCompile Include="..\Code\Weald_Curio_Luggage.cpp" />
    <ClCompile Include="..\Code\Weald_Curio_Tent.cpp" />
    <ClCompile Include="..\Code\HeroStat.cpp" />
    <ClCompile Include="..\Code\StatView.cpp" />
    <ClCompile Include="..\Code\PickingGame.cpp" />
    <ClCompile Include="..\Code\BattleHeroUI.cpp" />
  </ItemGroup>
  <ItemGroup>
    <ClInclude Include="..\Header\BattleSystem.h" />
    <ClInclude Include="..\Header\BrigandCutthroat.h" />
    <ClInclude Include="..\Header\Creature.h" />
    <ClInclude Include="..\Header\Define.h" />
    <ClInclude Include="..\Header\Door.h" />
    <ClInclude Include="..\Header\DungeonRoom.h" />
    <ClInclude Include="..\Header\DungeonSystem.h" />
    <ClInclude Include="..\Header\DynamicCamera.h" />
    <ClInclude Include="..\Header\Hero.h" />
    <ClInclude Include="..\Header\InteractionObj.h" />
    <ClInclude Include="..\Header\Inventory.h" />
    <ClInclude Include="..\Header\Item.h" />
    <ClInclude Include="..\Header\MainApp.h" />
    <ClInclude Include="..\Header\Weald_Dungeon.h" />
    <ClInclude Include="..\Header\Monster.h" />
    <ClInclude Include="..\Header\pch.h" />
    <ClInclude Include="..\Header\Player.h" />
    <ClInclude Include="..\Header\Skill.h" />
    <ClInclude Include="..\Header\PlayerHand.h" />
    <ClInclude Include="..\Header\SkyBox.h" />
    <ClInclude Include="..\Header\StaticCamera.h" />
    <ClInclude Include="..\Header\Terrain.h" />
    <ClInclude Include="..\Header\Vestal.h" />
    <ClInclude Include="..\Header\Wall.h" />
    <ClInclude Include="..\Header\Village.h" />
    <ClInclude Include="Client.h" />
    <ClInclude Include="Enums.h" />
    <ClInclude Include="framework.h" />
    <ClInclude Include="Resource.h" />
    <ClInclude Include="targetver.h" />
    <ClInclude Include="..\Header\Jester.h" />
    <ClInclude Include="..\Header\BrigandFusilier.h" />
    <ClInclude Include="..\Header\Highwayman.h" />
    <ClInclude Include="..\Header\ShieldBreaker.h" />
    <ClInclude Include="..\Header\CameraMgr.h" />
    <ClInclude Include="..\Header\BrigandBloodletter.h" />
    <ClInclude Include="..\Header\BoneCourtier.h" />
    <ClInclude Include="..\Header\BoneDefender.h" />
    <ClInclude Include="..\Header\BoneSoldier.h" />
    <ClInclude Include="..\Header\Inside.h" />
    <ClInclude Include="..\Header\CardGame.h" />
    <ClInclude Include="..\Header\Outside.h" />
    <ClInclude Include="..\Header\Tervarn.h" />
    <ClInclude Include="..\Header\Gambling.h" />
    <ClInclude Include="..\Header\WealdDungeonDoor.h" />
    <ClInclude Include="..\Header\Weald_Trap.h" />
    <ClInclude Include="..\Header\Weald_Obstacle.h" />
    <ClInclude Include="..\Header\Weald_Curio_Spider.h" />
    <ClInclude Include="..\Header\Weald_Curio_Chest.h" />
    <ClInclude Include="..\Header\Weald_Curio_Luggage.h" />
    <ClInclude Include="..\Header\Weald_Curio_Tent.h" />
    <ClInclude Include="..\Header\EnvironmentObj.h" />
    <ClInclude Include="..\Header\TavernNPC.h" />
    <ClInclude Include="..\Header\StageCoachHero.h" />
    <ClInclude Include="..\Header\Guild.h" />
    <ClInclude Include="..\Header\GuildNPC.h" />
    <ClInclude Include="..\Header\StatView.h" />
    <ClInclude Include="..\Header\BattleHeroUI.h" />
    <ClInclude Include="..\Header\HeroStat.h" />
    <ClInclude Include="..\Header\PickingGame.h" />
  </ItemGroup>
  <ItemGroup>
    <ResourceCompile Include="Client.rc" />
  </ItemGroup>
  <ItemGroup>
    <Image Include="Client.ico" />
    <Image Include="small.ico" />
  </ItemGroup>
  <ItemGroup>
    <Filter Include="CameraMgr">
      <UniqueIdentifier>{a513df5c-1428-4586-8b06-102025177639}</UniqueIdentifier>
    </Filter>
  </ItemGroup>
</Project>